
Microsoft Visual Studio Solution File, Format Version 12.00
# Visual Studio Version 17
VisualStudioVersion = 17.2.32516.85
MinimumVisualStudioVersion = 10.0.40219.1
Project("{FAE04EC0-301F-11D3-BF4B-00C04F79EFBC}") = "EjemploDb", "EjemploDb.csproj", "{3C711434-0CB2-4A11-A8B0-477CC4352223}"
EndProject
Global
	GlobalSection(SolutionConfigurationPlatforms) = preSolution
		Debug|Any CPU = Debug|Any CPU
		Release|Any CPU = Release|Any CPU
	EndGlobalSection
	GlobalSection(ProjectConfigurationPlatforms) = postSolution
		{3C711434-0CB2-4A11-A8B0-477CC4352223}.Debug|Any CPU.ActiveCfg = Debug|Any CPU
		{3C711434-0CB2-4A11-A8B0-477CC4352223}.Debug|Any CPU.Build.0 = Debug|Any CPU
		{3C711434-0CB2-4A11-A8B0-477CC4352223}.Release|Any CPU.ActiveCfg = Release|Any CPU
		{3C711434-0CB2-4A11-A8B0-477CC4352223}.Release|Any CPU.Build.0 = Release|Any CPU
	EndGlobalSection
	GlobalSection(SolutionProperties) = preSolution
		HideSolutionNode = FALSE
	EndGlobalSection
	GlobalSection(ExtensibilityGlobals) = postSolution
		SolutionGuid = {1E58D522-A375-409D-89FB-A6FF526D4149}
	EndGlobalSection
EndGlobal
